
Microsoft Visual Studio Solution File, Format Version 12.00
# Visual Studio 2012
Project("{FAE04EC0-301F-11D3-BF4B-00C04F79EFBC}") = "Potter", "Potter\Potter.csproj", "{A17DC7A3-6F5D-4F7D-A97C-639B06E8FA52}"
EndProject
Project("{FAE04EC0-301F-11D3-BF4B-00C04F79EFBC}") = "PotterTests", "PotterTests\PotterTests.csproj", "{07299919-B8B2-4FA1-A269-F7595DC8B43B}"
EndProject
Global
	GlobalSection(SolutionConfigurationPlatforms) = preSolution
		Debug|Any CPU = Debug|Any CPU
		Release|Any CPU = Release|Any CPU
	EndGlobalSection
	GlobalSection(ProjectConfigurationPlatforms) = postSolution
		{A17DC7A3-6F5D-4F7D-A97C-639B06E8FA52}.Debug|Any CPU.ActiveCfg = Debug|Any CPU
		{A17DC7A3-6F5D-4F7D-A97C-639B06E8FA52}.Debug|Any CPU.Build.0 = Debug|Any CPU
		{A17DC7A3-6F5D-4F7D-A97C-639B06E8FA52}.Release|Any CPU.ActiveCfg = Release|Any CPU
		{A17DC7A3-6F5D-4F7D-A97C-639B06E8FA52}.Release|Any CPU.Build.0 = Release|Any CPU
		{07299919-B8B2-4FA1-A269-F7595DC8B43B}.Debug|Any CPU.ActiveCfg = Debug|Any CPU
		{07299919-B8B2-4FA1-A269-F7595DC8B43B}.Debug|Any CPU.Build.0 = Debug|Any CPU
		{07299919-B8B2-4FA1-A269-F7595DC8B43B}.Release|Any CPU.ActiveCfg = Release|Any CPU
		{07299919-B8B2-4FA1-A269-F7595DC8B43B}.Release|Any CPU.Build.0 = Release|Any CPU
	EndGlobalSection
	GlobalSection(SolutionProperties) = preSolution
		HideSolutionNode = FALSE
	EndGlobalSection
EndGlobal
