
Microsoft Visual Studio Solution File, Format Version 12.00
# Visual Studio 2012
Project("{FAE04EC0-301F-11D3-BF4B-00C04F79EFBC}") = "Potter", "Potter\Potter.csproj", "{A17DC7A3-6F5D-4F7D-A97C-639B06E8FA52}"
EndProject
Project("{FAE04EC0-301F-11D3-BF4B-00C04F79EFBC}") = "PotterTests", "PotterTests\PotterTests.csproj", "{07299919-B8B2-4FA1-A269-F7595DC8B43B}"
EndProject
Project("{FAE04EC0-301F-11D3-BF4B-00C04F79EFBC}") = "GameOfLife", "GameOfLife\GameOfLife.csproj", "{745F82B4-C078-4683-86D2-4154A693D4BC}"
EndProject
Project("{FAE04EC0-301F-11D3-BF4B-00C04F79EFBC}") = "GameOfLife.Tests", "GameOfLife.Tests\GameOfLife.Tests.csproj", "{F4B65953-DEEC-499F-ACED-34475A57D6C8}"
EndProject
Project("{FAE04EC0-301F-11D3-BF4B-00C04F79EFBC}") = "RomanNumeralsTests", "RomanNumeralsTests\RomanNumeralsTests.csproj", "{EC39039C-C636-4B68-973E-5EACB12045B4}"
EndProject
Project("{FAE04EC0-301F-11D3-BF4B-00C04F79EFBC}") = "RomanNumerals", "RomanNumerals\RomanNumerals.csproj", "{661BECDB-178F-4C65-BA43-10F296E963EC}"
EndProject
Global
	GlobalSection(SolutionConfigurationPlatforms) = preSolution
		Debug|Any CPU = Debug|Any CPU
		Release|Any CPU = Release|Any CPU
	EndGlobalSection
	GlobalSection(ProjectConfigurationPlatforms) = postSolution
		{A17DC7A3-6F5D-4F7D-A97C-639B06E8FA52}.Debug|Any CPU.ActiveCfg = Debug|Any CPU
		{A17DC7A3-6F5D-4F7D-A97C-639B06E8FA52}.Debug|Any CPU.Build.0 = Debug|Any CPU
		{A17DC7A3-6F5D-4F7D-A97C-639B06E8FA52}.Release|Any CPU.ActiveCfg = Release|Any CPU
		{A17DC7A3-6F5D-4F7D-A97C-639B06E8FA52}.Release|Any CPU.Build.0 = Release|Any CPU
		{07299919-B8B2-4FA1-A269-F7595DC8B43B}.Debug|Any CPU.ActiveCfg = Debug|Any CPU
		{07299919-B8B2-4FA1-A269-F7595DC8B43B}.Debug|Any CPU.Build.0 = Debug|Any CPU
		{07299919-B8B2-4FA1-A269-F7595DC8B43B}.Release|Any CPU.ActiveCfg = Release|Any CPU
		{07299919-B8B2-4FA1-A269-F7595DC8B43B}.Release|Any CPU.Build.0 = Release|Any CPU
		{745F82B4-C078-4683-86D2-4154A693D4BC}.Debug|Any CPU.ActiveCfg = Debug|Any CPU
		{745F82B4-C078-4683-86D2-4154A693D4BC}.Debug|Any CPU.Build.0 = Debug|Any CPU
		{745F82B4-C078-4683-86D2-4154A693D4BC}.Release|Any CPU.ActiveCfg = Release|Any CPU
		{745F82B4-C078-4683-86D2-4154A693D4BC}.Release|Any CPU.Build.0 = Release|Any CPU
		{F4B65953-DEEC-499F-ACED-34475A57D6C8}.Debug|Any CPU.ActiveCfg = Debug|Any CPU
		{F4B65953-DEEC-499F-ACED-34475A57D6C8}.Debug|Any CPU.Build.0 = Debug|Any CPU
		{F4B65953-DEEC-499F-ACED-34475A57D6C8}.Release|Any CPU.ActiveCfg = Release|Any CPU
		{F4B65953-DEEC-499F-ACED-34475A57D6C8}.Release|Any CPU.Build.0 = Release|Any CPU
		{EC39039C-C636-4B68-973E-5EACB12045B4}.Debug|Any CPU.ActiveCfg = Debug|Any CPU
		{EC39039C-C636-4B68-973E-5EACB12045B4}.Debug|Any CPU.Build.0 = Debug|Any CPU
		{EC39039C-C636-4B68-973E-5EACB12045B4}.Release|Any CPU.ActiveCfg = Release|Any CPU
		{EC39039C-C636-4B68-973E-5EACB12045B4}.Release|Any CPU.Build.0 = Release|Any CPU
		{661BECDB-178F-4C65-BA43-10F296E963EC}.Debug|Any CPU.ActiveCfg = Debug|Any CPU
		{661BECDB-178F-4C65-BA43-10F296E963EC}.Debug|Any CPU.Build.0 = Debug|Any CPU
		{661BECDB-178F-4C65-BA43-10F296E963EC}.Release|Any CPU.ActiveCfg = Release|Any CPU
		{661BECDB-178F-4C65-BA43-10F296E963EC}.Release|Any CPU.Build.0 = Release|Any CPU
	EndGlobalSection
	GlobalSection(SolutionProperties) = preSolution
		HideSolutionNode = FALSE
	EndGlobalSection
EndGlobal
